
Microsoft Visual Studio Solution File, Format Version 12.00
# Visual Studio Version 17
VisualStudioVersion = 17.1.32407.343
MinimumVisualStudioVersion = 10.0.40219.1
Project("{9A19103F-16F7-4668-BE54-9A1E7A4F7556}") = "ePrescription", "ePrescription\ePrescription.csproj", "{A3340E0B-BE36-4C34-AB08-A8B66218919B}"
EndProject
Global
	GlobalSection(SolutionConfigurationPlatforms) = preSolution
		Debug|Any CPU = Debug|Any CPU
		Release|Any CPU = Release|Any CPU
	EndGlobalSection
	GlobalSection(ProjectConfigurationPlatforms) = postSolution
		{A3340E0B-BE36-4C34-AB08-A8B66218919B}.Debug|Any CPU.ActiveCfg = Debug|Any CPU
		{A3340E0B-BE36-4C34-AB08-A8B66218919B}.Debug|Any CPU.Build.0 = Debug|Any CPU
		{A3340E0B-BE36-4C34-AB08-A8B66218919B}.Release|Any CPU.ActiveCfg = Release|Any CPU
		{A3340E0B-BE36-4C34-AB08-A8B66218919B}.Release|Any CPU.Build.0 = Release|Any CPU
	EndGlobalSection
	GlobalSection(SolutionProperties) = preSolution
		HideSolutionNode = FALSE
	EndGlobalSection
	GlobalSection(ExtensibilityGlobals) = postSolution
		SolutionGuid = {1402B1FA-4DC3-4FAF-B75A-492EC4AFD9B4}
	EndGlobalSection
EndGlobal
